// !$*UTF8*$!
{
	archiveVersion = 1;
	classes = {
	};
	objectVersion = 46;
	objects = {

/* Begin PBXBuildFile section */
		46029A341DC4EE3600AA99E6 /* SearchView.swift in Sources */ = {isa = PBXBuildFile; fileRef = 46029A331DC4EE3600AA99E6 /* SearchView.swift */; };
		46029A361DC5155400AA99E6 /* SearchMarketCell.swift in Sources */ = {isa = PBXBuildFile; fileRef = 46029A351DC5155400AA99E6 /* SearchMarketCell.swift */; };
		46029A381DC518EF00AA99E6 /* SearchLifeCell.swift in Sources */ = {isa = PBXBuildFile; fileRef = 46029A371DC518EF00AA99E6 /* SearchLifeCell.swift */; };
		4624F3F01DB7545A008AC05B /* MarketList.swift in Sources */ = {isa = PBXBuildFile; fileRef = 4624F3EF1DB7545A008AC05B /* MarketList.swift */; };
		465496AD1DB4F3EA00CBC66B /* MarketIconView.swift in Sources */ = {isa = PBXBuildFile; fileRef = 465496AC1DB4F3EA00CBC66B /* MarketIconView.swift */; };
		465C60641DB50B98007E95CF /* MoreViewController.swift in Sources */ = {isa = PBXBuildFile; fileRef = 465C60631DB50B98007E95CF /* MoreViewController.swift */; };
		465C606B1DB51D4A007E95CF /* MessageUI.framework in Frameworks */ = {isa = PBXBuildFile; fileRef = 465C60661DB51295007E95CF /* MessageUI.framework */; };
		466C58601DB5D9E300594E37 /* MarketCell.swift in Sources */ = {isa = PBXBuildFile; fileRef = 466C585F1DB5D9E300594E37 /* MarketCell.swift */; };
		467ECEC71DB64C8B00D2DF05 /* MarketDetail.swift in Sources */ = {isa = PBXBuildFile; fileRef = 467ECEC61DB64C8B00D2DF05 /* MarketDetail.swift */; };
		467ECEC91DB65F2A00D2DF05 /* LifeList.swift in Sources */ = {isa = PBXBuildFile; fileRef = 467ECEC81DB65F2A00D2DF05 /* LifeList.swift */; };
		467ECECB1DB65F7B00D2DF05 /* LifeDetail.swift in Sources */ = {isa = PBXBuildFile; fileRef = 467ECECA1DB65F7B00D2DF05 /* LifeDetail.swift */; };
		467ECECD1DB661F000D2DF05 /* LifeIconView.swift in Sources */ = {isa = PBXBuildFile; fileRef = 467ECECC1DB661F000D2DF05 /* LifeIconView.swift */; };
		467ECECF1DB6634300D2DF05 /* LifeCell.swift in Sources */ = {isa = PBXBuildFile; fileRef = 467ECECE1DB6634300D2DF05 /* LifeCell.swift */; };
		46ABE0741E90CC7300C86BD8 /* Assets.xcassets in Resources */ = {isa = PBXBuildFile; fileRef = 46ABE0731E90CC7300C86BD8 /* Assets.xcassets */; };
		46C86C341DB3A6A400F335F6 /* AppDelegate.swift in Sources */ = {isa = PBXBuildFile; fileRef = 46C86C331DB3A6A400F335F6 /* AppDelegate.swift */; };
		46C86C361DB3A6A400F335F6 /* ViewController.swift in Sources */ = {isa = PBXBuildFile; fileRef = 46C86C351DB3A6A400F335F6 /* ViewController.swift */; };
		46C86C391DB3A6A400F335F6 /* ㅇ.storyboard in Resources */ = {isa = PBXBuildFile; fileRef = 46C86C371DB3A6A400F335F6 /* ㅇ.storyboard */; };
		46C86C3E1DB3A6A400F335F6 /* LaunchScreen.storyboard in Resources */ = {isa = PBXBuildFile; fileRef = 46C86C3C1DB3A6A400F335F6 /* LaunchScreen.storyboard */; };
		46E209391DB7CB5500257A95 /* MenuCell.swift in Sources */ = {isa = PBXBuildFile; fileRef = 46E209381DB7CB5500257A95 /* MenuCell.swift */; };
/* End PBXBuildFile section */

/* Begin PBXFileReference section */
		46029A331DC4EE3600AA99E6 /* SearchView.swift */ = {isa = PBXFileReference; fileEncoding = 4; lastKnownFileType = sourcecode.swift; path = SearchView.swift; sourceTree = "<group>"; };
		46029A351DC5155400AA99E6 /* SearchMarketCell.swift */ = {isa = PBXFileReference; fileEncoding = 4; lastKnownFileType = sourcecode.swift; path = SearchMarketCell.swift; sourceTree = "<group>"; };
		46029A371DC518EF00AA99E6 /* SearchLifeCell.swift */ = {isa = PBXFileReference; fileEncoding = 4; lastKnownFileType = sourcecode.swift; path = SearchLifeCell.swift; sourceTree = "<group>"; };
		4624F3EF1DB7545A008AC05B /* MarketList.swift */ = {isa = PBXFileReference; fileEncoding = 4; lastKnownFileType = sourcecode.swift; path = MarketList.swift; sourceTree = "<group>"; };
		465496AC1DB4F3EA00CBC66B /* MarketIconView.swift */ = {isa = PBXFileReference; fileEncoding = 4; lastKnownFileType = sourcecode.swift; path = MarketIconView.swift; sourceTree = "<group>"; };
		465C60631DB50B98007E95CF /* MoreViewController.swift */ = {isa = PBXFileReference; fileEncoding = 4; lastKnownFileType = sourcecode.swift; path = MoreViewController.swift; sourceTree = "<group>"; };
		465C60661DB51295007E95CF /* MessageUI.framework */ = {isa = PBXFileReference; lastKnownFileType = wrapper.framework; name = MessageUI.framework; path = System/Library/Frameworks/MessageUI.framework; sourceTree = SDKROOT; };
		466C585F1DB5D9E300594E37 /* MarketCell.swift */ = {isa = PBXFileReference; fileEncoding = 4; lastKnownFileType = sourcecode.swift; path = MarketCell.swift; sourceTree = "<group>"; };
		467ECEC61DB64C8B00D2DF05 /* MarketDetail.swift */ = {isa = PBXFileReference; fileEncoding = 4; lastKnownFileType = sourcecode.swift; path = MarketDetail.swift; sourceTree = "<group>"; };
		467ECEC81DB65F2A00D2DF05 /* LifeList.swift */ = {isa = PBXFileReference; fileEncoding = 4; lastKnownFileType = sourcecode.swift; path = LifeList.swift; sourceTree = "<group>"; };
		467ECECA1DB65F7B00D2DF05 /* LifeDetail.swift */ = {isa = PBXFileReference; fileEncoding = 4; lastKnownFileType = sourcecode.swift; path = LifeDetail.swift; sourceTree = "<group>"; };
		467ECECC1DB661F000D2DF05 /* LifeIconView.swift */ = {isa = PBXFileReference; fileEncoding = 4; lastKnownFileType = sourcecode.swift; path = LifeIconView.swift; sourceTree = "<group>"; };
		467ECECE1DB6634300D2DF05 /* LifeCell.swift */ = {isa = PBXFileReference; fileEncoding = 4; lastKnownFileType = sourcecode.swift; path = LifeCell.swift; sourceTree = "<group>"; };
		46ABE0731E90CC7300C86BD8 /* Assets.xcassets */ = {isa = PBXFileReference; lastKnownFileType = folder.assetcatalog; path = Assets.xcassets; sourceTree = "<group>"; };
		46C86C301DB3A6A400F335F6 /* Delion.app */ = {isa = PBXFileReference; explicitFileType = wrapper.application; includeInIndex = 0; path = Delion.app; sourceTree = BUILT_PRODUCTS_DIR; };
		46C86C331DB3A6A400F335F6 /* AppDelegate.swift */ = {isa = PBXFileReference; lastKnownFileType = sourcecode.swift; path = AppDelegate.swift; sourceTree = "<group>"; };
		46C86C351DB3A6A400F335F6 /* ViewController.swift */ = {isa = PBXFileReference; lastKnownFileType = sourcecode.swift; path = ViewController.swift; sourceTree = "<group>"; };
		46C86C381DB3A6A400F335F6 /* Base */ = {isa = PBXFileReference; lastKnownFileType = file.storyboard; name = Base; path = "Base.lproj/ㅇ.storyboard"; sourceTree = "<group>"; };
		46C86C3D1DB3A6A400F335F6 /* Base */ = {isa = PBXFileReference; lastKnownFileType = file.storyboard; name = Base; path = Base.lproj/LaunchScreen.storyboard; sourceTree = "<group>"; };
		46C86C3F1DB3A6A400F335F6 /* Info.plist */ = {isa = PBXFileReference; lastKnownFileType = text.plist.xml; path = Info.plist; sourceTree = "<group>"; };
		46E209381DB7CB5500257A95 /* MenuCell.swift */ = {isa = PBXFileReference; fileEncoding = 4; lastKnownFileType = sourcecode.swift; path = MenuCell.swift; sourceTree = "<group>"; };
/* End PBXFileReference section */

/* Begin PBXFrameworksBuildPhase section */
		46C86C2D1DB3A6A400F335F6 /* Frameworks */ = {
			isa = PBXFrameworksBuildPhase;
			buildActionMask = 2147483647;
			files = (
				465C606B1DB51D4A007E95CF /* MessageUI.framework in Frameworks */,
			);
			runOnlyForDeploymentPostprocessing = 0;
		};
/* End PBXFrameworksBuildPhase section */

/* Begin PBXGroup section */
		465C60651DB51295007E95CF /* Frameworks */ = {
			isa = PBXGroup;
			children = (
				465C60661DB51295007E95CF /* MessageUI.framework */,
			);
			name = Frameworks;
			sourceTree = "<group>";
		};
		465C60681DB5153F007E95CF /* ViewController */ = {
			isa = PBXGroup;
			children = (
				46C86C331DB3A6A400F335F6 /* AppDelegate.swift */,
				46C86C351DB3A6A400F335F6 /* ViewController.swift */,
				465496AC1DB4F3EA00CBC66B /* MarketIconView.swift */,
				467ECECC1DB661F000D2DF05 /* LifeIconView.swift */,
				4624F3EF1DB7545A008AC05B /* MarketList.swift */,
				467ECEC81DB65F2A00D2DF05 /* LifeList.swift */,
				466C585F1DB5D9E300594E37 /* MarketCell.swift */,
				467ECECE1DB6634300D2DF05 /* LifeCell.swift */,
				467ECEC61DB64C8B00D2DF05 /* MarketDetail.swift */,
				46E209381DB7CB5500257A95 /* MenuCell.swift */,
				467ECECA1DB65F7B00D2DF05 /* LifeDetail.swift */,
				46029A331DC4EE3600AA99E6 /* SearchView.swift */,
				46029A351DC5155400AA99E6 /* SearchMarketCell.swift */,
				46029A371DC518EF00AA99E6 /* SearchLifeCell.swift */,
				465C60631DB50B98007E95CF /* MoreViewController.swift */,
			);
			name = ViewController;
			sourceTree = "<group>";
		};
		46C86C271DB3A6A400F335F6 = {
			isa = PBXGroup;
			children = (
				46C86C321DB3A6A400F335F6 /* Delion */,
				465C60651DB51295007E95CF /* Frameworks */,
			);
			sourceTree = "<group>";
		};
		46C86C311DB3A6A400F335F6 /* Products */ = {
			isa = PBXGroup;
			children = (
				46C86C301DB3A6A400F335F6 /* Delion.app */,
			);
			name = Products;
			path = ..;
			sourceTree = "<group>";
		};
		46C86C321DB3A6A400F335F6 /* Delion */ = {
			isa = PBXGroup;
			children = (
				46ABE0731E90CC7300C86BD8 /* Assets.xcassets */,
				465C60681DB5153F007E95CF /* ViewController */,
				46C86C371DB3A6A400F335F6 /* ㅇ.storyboard */,
				46C86C3C1DB3A6A400F335F6 /* LaunchScreen.storyboard */,
				46C86C3F1DB3A6A400F335F6 /* Info.plist */,
				46C86C311DB3A6A400F335F6 /* Products */,
			);
			path = Delion;
			sourceTree = "<group>";
		};
/* End PBXGroup section */

/* Begin PBXNativeTarget section */
		46C86C2F1DB3A6A400F335F6 /* Delion */ = {
			isa = PBXNativeTarget;
			buildConfigurationList = 46C86C421DB3A6A400F335F6 /* Build configuration list for PBXNativeTarget "Delion" */;
			buildPhases = (
				46C86C2C1DB3A6A400F335F6 /* Sources */,
				46C86C2D1DB3A6A400F335F6 /* Frameworks */,
				46C86C2E1DB3A6A400F335F6 /* Resources */,
			);
			buildRules = (
			);
			dependencies = (
			);
			name = Delion;
			productName = Delion;
			productReference = 46C86C301DB3A6A400F335F6 /* Delion.app */;
			productType = "com.apple.product-type.application";
		};
/* End PBXNativeTarget section */

/* Begin PBXProject section */
		46C86C281DB3A6A400F335F6 /* Project object */ = {
			isa = PBXProject;
			attributes = {
				LastSwiftUpdateCheck = 0800;
				LastUpgradeCheck = 0810;
				ORGANIZATIONNAME = kwonnahyun;
				TargetAttributes = {
					46C86C2F1DB3A6A400F335F6 = {
						CreatedOnToolsVersion = 8.0;
						DevelopmentTeam = B4ZJBKN4MU;
						ProvisioningStyle = Automatic;
					};
				};
			};
			buildConfigurationList = 46C86C2B1DB3A6A400F335F6 /* Build configuration list for PBXProject "Delion" */;
			compatibilityVersion = "Xcode 3.2";
			developmentRegion = English;
			hasScannedForEncodings = 0;
			knownRegions = (
				en,
				Base,
			);
			mainGroup = 46C86C271DB3A6A400F335F6;
			productRefGroup = 46C86C311DB3A6A400F335F6 /* Products */;
			projectDirPath = "";
			projectRoot = "";
			targets = (
				46C86C2F1DB3A6A400F335F6 /* Delion */,
			);
		};
/* End PBXProject section */

/* Begin PBXResourcesBuildPhase section */
		46C86C2E1DB3A6A400F335F6 /* Resources */ = {
			isa = PBXResourcesBuildPhase;
			buildActionMask = 2147483647;
			files = (
				46C86C3E1DB3A6A400F335F6 /* LaunchScreen.storyboard in Resources */,
				46ABE0741E90CC7300C86BD8 /* Assets.xcassets in Resources */,
				46C86C391DB3A6A400F335F6 /* ㅇ.storyboard in Resources */,
			);
			runOnlyForDeploymentPostprocessing = 0;
		};
/* End PBXResourcesBuildPhase section */

/* Begin PBXSourcesBuildPhase section */
		46C86C2C1DB3A6A400F335F6 /* Sources */ = {
			isa = PBXSourcesBuildPhase;
			buildActionMask = 2147483647;
			files = (
				465C60641DB50B98007E95CF /* MoreViewController.swift in Sources */,
				46029A361DC5155400AA99E6 /* SearchMarketCell.swift in Sources */,
				46029A381DC518EF00AA99E6 /* SearchLifeCell.swift in Sources */,
				467ECECF1DB6634300D2DF05 /* LifeCell.swift in Sources */,
				46E209391DB7CB5500257A95 /* MenuCell.swift in Sources */,
				466C58601DB5D9E300594E37 /* MarketCell.swift in Sources */,
				467ECECB1DB65F7B00D2DF05 /* LifeDetail.swift in Sources */,
				46C86C361DB3A6A400F335F6 /* ViewController.swift in Sources */,
				467ECEC91DB65F2A00D2DF05 /* LifeList.swift in Sources */,
				465496AD1DB4F3EA00CBC66B /* MarketIconView.swift in Sources */,
				46029A341DC4EE3600AA99E6 /* SearchView.swift in Sources */,
				4624F3F01DB7545A008AC05B /* MarketList.swift in Sources */,
				467ECEC71DB64C8B00D2DF05 /* MarketDetail.swift in Sources */,
				467ECECD1DB661F000D2DF05 /* LifeIconView.swift in Sources */,
				46C86C341DB3A6A400F335F6 /* AppDelegate.swift in Sources */,
			);
			runOnlyForDeploymentPostprocessing = 0;
		};
/* End PBXSourcesBuildPhase section */

/* Begin PBXVariantGroup section */
		46C86C371DB3A6A400F335F6 /* ㅇ.storyboard */ = {
			isa = PBXVariantGroup;
			children = (
				46C86C381DB3A6A400F335F6 /* Base */,
			);
			name = "ㅇ.storyboard";
			sourceTree = "<group>";
		};
		46C86C3C1DB3A6A400F335F6 /* LaunchScreen.storyboard */ = {
			isa = PBXVariantGroup;
			children = (
				46C86C3D1DB3A6A400F335F6 /* Base */,
			);
			name = LaunchScreen.storyboard;
			sourceTree = "<group>";
		};
/* End PBXVariantGroup section */

/* Begin XCBuildConfiguration section */
		46C86C401DB3A6A400F335F6 /* Debug */ = {
			isa = XCBuildConfiguration;
			buildSettings = {
				ALWAYS_SEARCH_USER_PATHS = NO;
				CLANG_ANALYZER_NONNULL = YES;
				CLANG_CXX_LANGUAGE_STANDARD = "gnu++0x";
				CLANG_CXX_LIBRARY = "libc++";
				CLANG_ENABLE_MODULES = YES;
				CLANG_ENABLE_OBJC_ARC = YES;
				CLANG_WARN_BOOL_CONVERSION = YES;
				CLANG_WARN_CONSTANT_CONVERSION = YES;
				CLANG_WARN_DIRECT_OBJC_ISA_USAGE = YES_ERROR;
				CLANG_WARN_DOCUMENTATION_COMMENTS = YES;
				CLANG_WARN_EMPTY_BODY = YES;
				CLANG_WARN_ENUM_CONVERSION = YES;
				CLANG_WARN_INFINITE_RECURSION = YES;
				CLANG_WARN_INT_CONVERSION = YES;
				CLANG_WARN_OBJC_ROOT_CLASS = YES_ERROR;
				CLANG_WARN_SUSPICIOUS_MOVE = YES;
				CLANG_WARN_SUSPICIOUS_MOVES = YES;
				CLANG_WARN_UNREACHABLE_CODE = YES;
				CLANG_WARN__DUPLICATE_METHOD_MATCH = YES;
				CODE_SIGN_IDENTITY = "iPhone Distribution: nahyun kwon (B4ZJBKN4MU)";
				"CODE_SIGN_IDENTITY[sdk=iphoneos*]" = "iPhone Developer";
				COPY_PHASE_STRIP = NO;
				DEBUG_INFORMATION_FORMAT = dwarf;
				ENABLE_STRICT_OBJC_MSGSEND = YES;
				ENABLE_TESTABILITY = YES;
				GCC_C_LANGUAGE_STANDARD = gnu99;
				GCC_DYNAMIC_NO_PIC = NO;
				GCC_NO_COMMON_BLOCKS = YES;
				GCC_OPTIMIZATION_LEVEL = 0;
				GCC_PREPROCESSOR_DEFINITIONS = (
					"DEBUG=1",
					"$(inherited)",
				);
				GCC_WARN_64_TO_32_BIT_CONVERSION = YES;
				GCC_WARN_ABOUT_RETURN_TYPE = YES_ERROR;
				GCC_WARN_UNDECLARED_SELECTOR = YES;
				GCC_WARN_UNINITIALIZED_AUTOS = YES_AGGRESSIVE;
				GCC_WARN_UNUSED_FUNCTION = YES;
				GCC_WARN_UNUSED_VARIABLE = YES;
				IPHONEOS_DEPLOYMENT_TARGET = 9.0;
				MTL_ENABLE_DEBUG_INFO = YES;
				ONLY_ACTIVE_ARCH = NO;
				SDKROOT = iphoneos;
				SWIFT_ACTIVE_COMPILATION_CONDITIONS = DEBUG;
				SWIFT_OPTIMIZATION_LEVEL = "-Onone";
			};
			name = Debug;
		};
		46C86C411DB3A6A400F335F6 /* Release */ = {
			isa = XCBuildConfiguration;
			buildSettings = {
				ALWAYS_SEARCH_USER_PATHS = NO;
				CLANG_ANALYZER_NONNULL = YES;
				CLANG_CXX_LANGUAGE_STANDARD = "gnu++0x";
				CLANG_CXX_LIBRARY = "libc++";
				CLANG_ENABLE_MODULES = YES;
				CLANG_ENABLE_OBJC_ARC = YES;
				CLANG_WARN_BOOL_CONVERSION = YES;
				CLANG_WARN_CONSTANT_CONVERSION = YES;
				CLANG_WARN_DIRECT_OBJC_ISA_USAGE = YES_ERROR;
				CLANG_WARN_DOCUMENTATION_COMMENTS = YES;
				CLANG_WARN_EMPTY_BODY = YES;
				CLANG_WARN_ENUM_CONVERSION = YES;
				CLANG_WARN_INFINITE_RECURSION = YES;
				CLANG_WARN_INT_CONVERSION = YES;
				CLANG_WARN_OBJC_ROOT_CLASS = YES_ERROR;
				CLANG_WARN_SUSPICIOUS_MOVE = YES;
				CLANG_WARN_SUSPICIOUS_MOVES = YES;
				CLANG_WARN_UNREACHABLE_CODE = YES;
				CLANG_WARN__DUPLICATE_METHOD_MATCH = YES;
				CODE_SIGN_IDENTITY = "iPhone Distribution: nahyun kwon (B4ZJBKN4MU)";
				"CODE_SIGN_IDENTITY[sdk=iphoneos*]" = "iPhone Developer";
				COPY_PHASE_STRIP = NO;
				DEBUG_INFORMATION_FORMAT = "dwarf-with-dsym";
				ENABLE_NS_ASSERTIONS = NO;
				ENABLE_STRICT_OBJC_MSGSEND = YES;
				GCC_C_LANGUAGE_STANDARD = gnu99;
				GCC_NO_COMMON_BLOCKS = YES;
				GCC_WARN_64_TO_32_BIT_CONVERSION = YES;
				GCC_WARN_ABOUT_RETURN_TYPE = YES_ERROR;
				GCC_WARN_UNDECLARED_SELECTOR = YES;
				GCC_WARN_UNINITIALIZED_AUTOS = YES_AGGRESSIVE;
				GCC_WARN_UNUSED_FUNCTION = YES;
				GCC_WARN_UNUSED_VARIABLE = YES;
				IPHONEOS_DEPLOYMENT_TARGET = 9.0;
				MTL_ENABLE_DEBUG_INFO = NO;
				ONLY_ACTIVE_ARCH = YES;
				SDKROOT = iphoneos;
				SWIFT_OPTIMIZATION_LEVEL = "-Owholemodule";
				VALIDATE_PRODUCT = YES;
			};
			name = Release;
		};
		46C86C431DB3A6A400F335F6 /* Debug */ = {
			isa = XCBuildConfiguration;
			buildSettings = {
				ASSETCATALOG_COMPILER_APPICON_NAME = AppIcon;
				"CODE_SIGN_IDENTITY[sdk=iphoneos*]" = "iPhone Developer";
				DEVELOPMENT_TEAM = B4ZJBKN4MU;
				INFOPLIST_FILE = Delion/Info.plist;
				IPHONEOS_DEPLOYMENT_TARGET = 9.0;
				LD_RUNPATH_SEARCH_PATHS = "$(inherited) @executable_path/Frameworks";
				PRODUCT_BUNDLE_IDENTIFIER = com.forif.delion;
				PRODUCT_NAME = "$(TARGET_NAME)";
				SDKROOT = iphoneos9.0;
				SWIFT_VERSION = 3.0;
				TARGETED_DEVICE_FAMILY = 1;
			};
			name = Debug;
		};
		46C86C441DB3A6A400F335F6 /* Release */ = {
			isa = XCBuildConfiguration;
			buildSettings = {
				ASSETCATALOG_COMPILER_APPICON_NAME = AppIcon;
				"CODE_SIGN_IDENTITY[sdk=iphoneos*]" = "iPhone Developer";
				DEVELOPMENT_TEAM = B4ZJBKN4MU;
				INFOPLIST_FILE = Delion/Info.plist;
				IPHONEOS_DEPLOYMENT_TARGET = 9.0;
				LD_RUNPATH_SEARCH_PATHS = "$(inherited) @executable_path/Frameworks";
				PRODUCT_BUNDLE_IDENTIFIER = com.forif.delion;
				PRODUCT_NAME = "$(TARGET_NAME)";
				SDKROOT = iphoneos9.0;
				SWIFT_VERSION = 3.0;
				TARGETED_DEVICE_FAMILY = 1;
			};
			name = Release;
		};
/* End XCBuildConfiguration section */

/* Begin XCConfigurationList section */
		46C86C2B1DB3A6A400F335F6 /* Build configuration list for PBXProject "Delion" */ = {
			isa = XCConfigurationList;
			buildConfigurations = (
				46C86C401DB3A6A400F335F6 /* Debug */,
				46C86C411DB3A6A400F335F6 /* Release */,
			);
			defaultConfigurationIsVisible = 0;
			defaultConfigurationName = Release;
		};
		46C86C421DB3A6A400F335F6 /* Build configuration list for PBXNativeTarget "Delion" */ = {
			isa = XCConfigurationList;
			buildConfigurations = (
				46C86C431DB3A6A400F335F6 /* Debug */,
				46C86C441DB3A6A400F335F6 /* Release */,
			);
			defaultConfigurationIsVisible = 0;
			defaultConfigurationName = Release;
		};
/* End XCConfigurationList section */
	};
	rootObject = 46C86C281DB3A6A400F335F6 /* Project object */;
}
